Microsoft Visual Studio Solution File, Format Version 12.00
# Visual Studio Version 17
VisualStudioVersion = 17.5.2.0
MinimumVisualStudioVersion = 10.0.40219.1
Project("{FAE04EC0-301F-11D3-BF4B-00C04F79EFBC}") = "Facebook", "Facebook\Facebook.csproj", "{BE4AE5A2-FB52-2149-5054-6481B06DB8F8}"
EndProject
Global
	GlobalSection(SolutionConfigurationPlatforms) = preSolution
		Debug|Any CPU = Debug|Any CPU
		Release|Any CPU = Release|Any CPU
	EndGlobalSection
	GlobalSection(ProjectConfigurationPlatforms) = postSolution
		{BE4AE5A2-FB52-2149-5054-6481B06DB8F8}.Debug|Any CPU.ActiveCfg = Debug|Any CPU
		{BE4AE5A2-FB52-2149-5054-6481B06DB8F8}.Debug|Any CPU.Build.0 = Debug|Any CPU
		{BE4AE5A2-FB52-2149-5054-6481B06DB8F8}.Release|Any CPU.ActiveCfg = Release|Any CPU
		{BE4AE5A2-FB52-2149-5054-6481B06DB8F8}.Release|Any CPU.Build.0 = Release|Any CPU
	EndGlobalSection
	GlobalSection(SolutionProperties) = preSolution
		HideSolutionNode = FALSE
	EndGlobalSection
	GlobalSection(ExtensibilityGlobals) = postSolution
		SolutionGuid = {AB186F63-19FE-480F-97B9-BA7DC65A2045}
	EndGlobalSection
EndGlobal
